# This file is automatically @generated by Cargo.
# It is not intended for manual editing.
version = 3

[[package]]
name = "allegro"
version = "0.0.48"
source = "registry+https://github.com/rust-lang/crates.io-index"
checksum = "172061d247855472f82026ef75300e8c0fa9dc8ab5e9c8f302c73a39b65738e5"
dependencies = [
 "allegro-sys",
 "allegro_util",
 "lazy_static",
 "libc",
]

[[package]]
name = "allegro-sys"
version = "0.0.48"
source = "registry+https://github.com/rust-lang/crates.io-index"
checksum = "189f2a20dcd1889a6020ea8076efcda4a590980ef9a2156d59709de69a369823"
dependencies = [
 "allegro_util",
 "libc",
]

[[package]]
name = "allegro_font"
version = "0.0.48"
source = "registry+https://github.com/rust-lang/crates.io-index"
checksum = "649e06386fd7a795dfcaa0e42843d2f7bebd847393b588eab26b46e2c20337ec"
dependencies = [
 "allegro",
 "allegro-sys",
 "allegro_font-sys",
 "allegro_util",
 "libc",
]

[[package]]
name = "allegro_font-sys"
version = "0.0.48"
source = "registry+https://github.com/rust-lang/crates.io-index"
checksum = "31a1eba690987bcd7e242f807169e7b46118e5a38cac33cc79804c6346b5a180"
dependencies = [
 "allegro-sys",
 "allegro_util",
 "libc",
]

[[package]]
name = "allegro_primitives"
version = "0.0.48"
source = "registry+https://github.com/rust-lang/crates.io-index"
checksum = "74f31f1eeca1d9bac039e543e363fe5ca971ce79f20d43bc3be3523aa42c4f73"
dependencies = [
 "allegro",
 "allegro-sys",
 "allegro_primitives-sys",
 "libc",
]

[[package]]
name = "allegro_primitives-sys"
version = "0.0.48"
source = "registry+https://github.com/rust-lang/crates.io-index"
checksum = "2116ae233772753b7a1f5731dbff473c85c56d2c34acc011faa32b801c42f071"
dependencies = [
 "allegro-sys",
 "allegro_util",
 "libc",
]

[[package]]
name = "allegro_ttf"
version = "0.0.48"
source = "registry+https://github.com/rust-lang/crates.io-index"
checksum = "05c979e395a44e28b2a609eef5f1fec2058752c378d343c8ed3f1c512d469e43"
dependencies = [
 "allegro",
 "allegro_font",
 "allegro_ttf-sys",
 "allegro_util",
 "libc",
]

[[package]]
name = "allegro_ttf-sys"
version = "0.0.48"
source = "registry+https://github.com/rust-lang/crates.io-index"
checksum = "3cd21a4f1b944572fe8acd1f7de9d6e43edc2bac0663e566d52f0ee979da9d41"
dependencies = [
 "allegro-sys",
 "allegro_font-sys",
 "allegro_util",
 "libc",
]

[[package]]
name = "allegro_util"
version = "0.0.48"
source = "registry+https://github.com/rust-lang/crates.io-index"
checksum = "4096d2867287912f61631ae1020124dc0e54bf9ae0397201541bf7706b1ae9fe"
dependencies = [
 "libc",
]

[[package]]
name = "lazy_static"
version = "1.4.0"
source = "registry+https://github.com/rust-lang/crates.io-index"
checksum = "e2abad23fbc42b3700f2f279844dc832adb2b2eb069b2df918f455c4e18cc646"

[[package]]
name = "libc"
version = "0.2.172"
source = "registry+https://github.com/rust-lang/crates.io-index"
checksum = "d750af042f7ef4f724306de029d18836c26c1765a54a6a3f094cbd23a7267ffa"

[[package]]
name = "rustanoid"
version = "0.1.0"
dependencies = [
 "allegro",
 "allegro_font",
 "allegro_primitives",
 "allegro_ttf",
]
